
Microsoft Visual Studio Solution File, Format Version 12.00
# Visual Studio Version 16
VisualStudioVersion = 16.0.33927.289
MinimumVisualStudioVersion = 10.0.40219.1
Project("{FAE04EC0-301F-11D3-BF4B-00C04F79EFBC}") = "Discoteca", "Discoteca\Discoteca.csproj", "{AA8C8441-9DD5-4404-9B6B-5EE2F260E9C1}"
EndProject
Global
	GlobalSection(SolutionConfigurationPlatforms) = preSolution
		Debug|Any CPU = Debug|Any CPU
		Release|Any CPU = Release|Any CPU
	EndGlobalSection
	GlobalSection(ProjectConfigurationPlatforms) = postSolution
		{AA8C8441-9DD5-4404-9B6B-5EE2F260E9C1}.Debug|Any CPU.ActiveCfg = Debug|Any CPU
		{AA8C8441-9DD5-4404-9B6B-5EE2F260E9C1}.Debug|Any CPU.Build.0 = Debug|Any CPU
		{AA8C8441-9DD5-4404-9B6B-5EE2F260E9C1}.Release|Any CPU.ActiveCfg = Release|Any CPU
		{AA8C8441-9DD5-4404-9B6B-5EE2F260E9C1}.Release|Any CPU.Build.0 = Release|Any CPU
	EndGlobalSection
	GlobalSection(SolutionProperties) = preSolution
		HideSolutionNode = FALSE
	EndGlobalSection
	GlobalSection(ExtensibilityGlobals) = postSolution
		SolutionGuid = {26944BC2-7CBE-498F-A5F0-21A5D1ED5410}
	EndGlobalSection
EndGlobal
